// !$*UTF8*$!
{
	archiveVersion = 1;
	classes = {
	};
	objectVersion = 46;
	objects = {

/* Begin PBXBuildFile section */
		46836B251CF783CC00581DE4 /* main.m in Sources */ = {isa = PBXBuildFile; fileRef = 46836B241CF783CC00581DE4 /* main.m */; };
		46836B281CF783CC00581DE4 /* AppDelegate.m in Sources */ = {isa = PBXBuildFile; fileRef = 46836B271CF783CC00581DE4 /* AppDelegate.m */; };
		46836B2B1CF783CC00581DE4 /* ViewController.m in Sources */ = {isa = PBXBuildFile; fileRef = 46836B2A1CF783CC00581DE4 /* ViewController.m */; };
		46836B2E1CF783CC00581DE4 /* Main.storyboard in Resources */ = {isa = PBXBuildFile; fileRef = 46836B2C1CF783CC00581DE4 /* Main.storyboard */; };
		46836B301CF783CC00581DE4 /* Assets.xcassets in Resources */ = {isa = PBXBuildFile; fileRef = 46836B2F1CF783CC00581DE4 /* Assets.xcassets */; };
		46836B331CF783CC00581DE4 /* LaunchScreen.storyboard in Resources */ = {isa = PBXBuildFile; fileRef = 46836B311CF783CC00581DE4 /* LaunchScreen.storyboard */; };
/* End PBXBuildFile section */

/* Begin PBXFileReference section */
		46836B201CF783CC00581DE4 /* TicTacToe.app */ = {isa = PBXFileReference; explicitFileType = wrapper.application; includeInIndex = 0; path = TicTacToe.app; sourceTree = BUILT_PRODUCTS_DIR; };
		46836B241CF783CC00581DE4 /* main.m */ = {isa = PBXFileReference; lastKnownFileType = sourcecode.c.objc; path = main.m; sourceTree = "<group>"; };
		46836B261CF783CC00581DE4 /* AppDelegate.h */ = {isa = PBXFileReference; lastKnownFileType = sourcecode.c.h; path = AppDelegate.h; sourceTree = "<group>"; };
		46836B271CF783CC00581DE4 /* AppDelegate.m */ = {isa = PBXFileReference; lastKnownFileType = sourcecode.c.objc; path = AppDelegate.m; sourceTree = "<group>"; };
		46836B291CF783CC00581DE4 /* ViewController.h */ = {isa = PBXFileReference; lastKnownFileType = sourcecode.c.h; path = ViewController.h; sourceTree = "<group>"; };
		46836B2A1CF783CC00581DE4 /* ViewController.m */ = {isa = PBXFileReference; lastKnownFileType = sourcecode.c.objc; path = ViewController.m; sourceTree = "<group>"; };
		46836B2D1CF783CC00581DE4 /* Base */ = {isa = PBXFileReference; lastKnownFileType = file.storyboard; name = Base; path = Base.lproj/Main.storyboard; sourceTree = "<group>"; };
		46836B2F1CF783CC00581DE4 /* Assets.xcassets */ = {isa = PBXFileReference; lastKnownFileType = folder.assetcatalog; path = Assets.xcassets; sourceTree = "<group>"; };
		46836B321CF783CC00581DE4 /* Base */ = {isa = PBXFileReference; lastKnownFileType = file.storyboard; name = Base; path = Base.lproj/LaunchScreen.storyboard; sourceTree = "<group>"; };
		46836B341CF783CC00581DE4 /* Info.plist */ = {isa = PBXFileReference; lastKnownFileType = text.plist.xml; path = Info.plist; sourceTree = "<group>"; };
/* End PBXFileReference section */

/* Begin PBXFrameworksBuildPhase section */
		46836B1D1CF783CC00581DE4 /* Frameworks */ = {
			isa = PBXFrameworksBuildPhase;
			buildActionMask = 2147483647;
			files = (
			);
			runOnlyForDeploymentPostprocessing = 0;
		};
/* End PBXFrameworksBuildPhase section */

/* Begin PBXGroup section */
		46836B171CF783CC00581DE4 = {
			isa = PBXGroup;
			children = (
				46836B221CF783CC00581DE4 /* TicTacToe */,
				46836B211CF783CC00581DE4 /* Products */,
			);
			sourceTree = "<group>";
		};
		46836B211CF783CC00581DE4 /* Products */ = {
			isa = PBXGroup;
			children = (
				46836B201CF783CC00581DE4 /* TicTacToe.app */,
			);
			name = Products;
			sourceTree = "<group>";
		};
		46836B221CF783CC00581DE4 /* TicTacToe */ = {
			isa = PBXGroup;
			children = (
				46836B261CF783CC00581DE4 /* AppDelegate.h */,
				46836B271CF783CC00581DE4 /* AppDelegate.m */,
				46836B291CF783CC00581DE4 /* ViewController.h */,
				46836B2A1CF783CC00581DE4 /* ViewController.m */,
				46836B2C1CF783CC00581DE4 /* Main.storyboard */,
				46836B2F1CF783CC00581DE4 /* Assets.xcassets */,
				46836B311CF783CC00581DE4 /* LaunchScreen.storyboard */,
				46836B341CF783CC00581DE4 /* Info.plist */,
				46836B231CF783CC00581DE4 /* Supporting Files */,
			);
			path = TicTacToe;
			sourceTree = "<group>";
		};
		46836B231CF783CC00581DE4 /* Supporting Files */ = {
			isa = PBXGroup;
			children = (
				46836B241CF783CC00581DE4 /* main.m */,
			);
			name = "Supporting Files";
			sourceTree = "<group>";
		};
/* End PBXGroup section */

/* Begin PBXNativeTarget section */
		46836B1F1CF783CC00581DE4 /* TicTacToe */ = {
			isa = PBXNativeTarget;
			buildConfigurationList = 46836B371CF783CC00581DE4 /* Build configuration list for PBXNativeTarget "TicTacToe" */;
			buildPhases = (
				46836B1C1CF783CC00581DE4 /* Sources */,
				46836B1D1CF783CC00581DE4 /* Frameworks */,
				46836B1E1CF783CC00581DE4 /* Resources */,
			);
			buildRules = (
			);
			dependencies = (
			);
			name = TicTacToe;
			productName = TicTacToe;
			productReference = 46836B201CF783CC00581DE4 /* TicTacToe.app */;
			productType = "com.apple.product-type.application";
		};
/* End PBXNativeTarget section */

/* Begin PBXProject section */
		46836B181CF783CC00581DE4 /* Project object */ = {
			isa = PBXProject;
			attributes = {
				LastUpgradeCheck = 0730;
				ORGANIZATIONNAME = "Salar Kohnechi";
				TargetAttributes = {
					46836B1F1CF783CC00581DE4 = {
						CreatedOnToolsVersion = 7.3.1;
					};
				};
			};
			buildConfigurationList = 46836B1B1CF783CC00581DE4 /* Build configuration list for PBXProject "TicTacToe" */;
			compatibilityVersion = "Xcode 3.2";
			developmentRegion = English;
			hasScannedForEncodings = 0;
			knownRegions = (
				en,
				Base,
			);
			mainGroup = 46836B171CF783CC00581DE4;
			productRefGroup = 46836B211CF783CC00581DE4 /* Products */;
			projectDirPath = "";
			projectRoot = "";
			targets = (
				46836B1F1CF783CC00581DE4 /* TicTacToe */,
			);
		};
/* End PBXProject section */

/* Begin PBXResourcesBuildPhase section */
		46836B1E1CF783CC00581DE4 /* Resources */ = {
			isa = PBXResourcesBuildPhase;
			buildActionMask = 2147483647;
			files = (
				46836B331CF783CC00581DE4 /* LaunchScreen.storyboard in Resources */,
				46836B301CF783CC00581DE4 /* Assets.xcassets in Resources */,
				46836B2E1CF783CC00581DE4 /* Main.storyboard in Resources */,
			);
			runOnlyForDeploymentPostprocessing = 0;
		};
/* End PBXResourcesBuildPhase section */

/* Begin PBXSourcesBuildPhase section */
		46836B1C1CF783CC00581DE4 /* Sources */ = {
			isa = PBXSourcesBuildPhase;
			buildActionMask = 2147483647;
			files = (
				46836B2B1CF783CC00581DE4 /* ViewController.m in Sources */,
				46836B281CF783CC00581DE4 /* AppDelegate.m in Sources */,
				46836B251CF783CC00581DE4 /* main.m in Sources */,
			);
			runOnlyForDeploymentPostprocessing = 0;
		};
/* End PBXSourcesBuildPhase section */

/* Begin PBXVariantGroup section */
		46836B2C1CF783CC00581DE4 /* Main.storyboard */ = {
			isa = PBXVariantGroup;
			children = (
				46836B2D1CF783CC00581DE4 /* Base */,
			);
			name = Main.storyboard;
			sourceTree = "<group>";
		};
		46836B311CF783CC00581DE4 /* LaunchScreen.storyboard */ = {
			isa = PBXVariantGroup;
			children = (
				46836B321CF783CC00581DE4 /* Base */,
			);
			name = LaunchScreen.storyboard;
			sourceTree = "<group>";
		};
/* End PBXVariantGroup section */

/* Begin XCBuildConfiguration section */
		46836B351CF783CC00581DE4 /* Debug */ = {
			isa = XCBuildConfiguration;
			buildSettings = {
				ALWAYS_SEARCH_USER_PATHS = NO;
				CLANG_ANALYZER_NONNULL = YES;
				CLANG_CXX_LANGUAGE_STANDARD = "gnu++0x";
				CLANG_CXX_LIBRARY = "libc++";
				CLANG_ENABLE_MODULES = YES;
				CLANG_ENABLE_OBJC_ARC = YES;
				CLANG_WARN_BOOL_CONVERSION = YES;
				CLANG_WARN_CONSTANT_CONVERSION = YES;
				CLANG_WARN_DIRECT_OBJC_ISA_USAGE = YES_ERROR;
				CLANG_WARN_EMPTY_BODY = YES;
				CLANG_WARN_ENUM_CONVERSION = YES;
				CLANG_WARN_INT_CONVERSION = YES;
				CLANG_WARN_OBJC_ROOT_CLASS = YES_ERROR;
				CLANG_WARN_UNREACHABLE_CODE = YES;
				CLANG_WARN__DUPLICATE_METHOD_MATCH = YES;
				"CODE_SIGN_IDENTITY[sdk=iphoneos*]" = "iPhone Developer";
				COPY_PHASE_STRIP = NO;
				DEBUG_INFORMATION_FORMAT = dwarf;
				ENABLE_STRICT_OBJC_MSGSEND = YES;
				ENABLE_TESTABILITY = YES;
				GCC_C_LANGUAGE_STANDARD = gnu99;
				GCC_DYNAMIC_NO_PIC = NO;
				GCC_NO_COMMON_BLOCKS = YES;
				GCC_OPTIMIZATION_LEVEL = 0;
				GCC_PREPROCESSOR_DEFINITIONS = (
					"DEBUG=1",
					"$(inherited)",
				);
				GCC_WARN_64_TO_32_BIT_CONVERSION = YES;
				GCC_WARN_ABOUT_RETURN_TYPE = YES_ERROR;
				GCC_WARN_UNDECLARED_SELECTOR = YES;
				GCC_WARN_UNINITIALIZED_AUTOS = YES_AGGRESSIVE;
				GCC_WARN_UNUSED_FUNCTION = YES;
				GCC_WARN_UNUSED_VARIABLE = YES;
				IPHONEOS_DEPLOYMENT_TARGET = 9.3;
				MTL_ENABLE_DEBUG_INFO = YES;
				ONLY_ACTIVE_ARCH = YES;
				SDKROOT = iphoneos;
				TARGETED_DEVICE_FAMILY = "1,2";
			};
			name = Debug;
		};
		46836B361CF783CC00581DE4 /* Release */ = {
			isa = XCBuildConfiguration;
			buildSettings = {
				ALWAYS_SEARCH_USER_PATHS = NO;
				CLANG_ANALYZER_NONNULL = YES;
				CLANG_CXX_LANGUAGE_STANDARD = "gnu++0x";
				CLANG_CXX_LIBRARY = "libc++";
				CLANG_ENABLE_MODULES = YES;
				CLANG_ENABLE_OBJC_ARC = YES;
				CLANG_WARN_BOOL_CONVERSION = YES;
				CLANG_WARN_CONSTANT_CONVERSION = YES;
				CLANG_WARN_DIRECT_OBJC_ISA_USAGE = YES_ERROR;
				CLANG_WARN_EMPTY_BODY = YES;
				CLANG_WARN_ENUM_CONVERSION = YES;
				CLANG_WARN_INT_CONVERSION = YES;
				CLANG_WARN_OBJC_ROOT_CLASS = YES_ERROR;
				CLANG_WARN_UNREACHABLE_CODE = YES;
				CLANG_WARN__DUPLICATE_METHOD_MATCH = YES;
				"CODE_SIGN_IDENTITY[sdk=iphoneos*]" = "iPhone Developer";
				COPY_PHASE_STRIP = NO;
				DEBUG_INFORMATION_FORMAT = "dwarf-with-dsym";
				ENABLE_NS_ASSERTIONS = NO;
				ENABLE_STRICT_OBJC_MSGSEND = YES;
				GCC_C_LANGUAGE_STANDARD = gnu99;
				GCC_NO_COMMON_BLOCKS = YES;
				GCC_WARN_64_TO_32_BIT_CONVERSION = YES;
				GCC_WARN_ABOUT_RETURN_TYPE = YES_ERROR;
				GCC_WARN_UNDECLARED_SELECTOR = YES;
				GCC_WARN_UNINITIALIZED_AUTOS = YES_AGGRESSIVE;
				GCC_WARN_UNUSED_FUNCTION = YES;
				GCC_WARN_UNUSED_VARIABLE = YES;
				IPHONEOS_DEPLOYMENT_TARGET = 9.3;
				MTL_ENABLE_DEBUG_INFO = NO;
				SDKROOT = iphoneos;
				TARGETED_DEVICE_FAMILY = "1,2";
				VALIDATE_PRODUCT = YES;
			};
			name = Release;
		};
		46836B381CF783CC00581DE4 /* Debug */ = {
			isa = XCBuildConfiguration;
			buildSettings = {
				ASSETCATALOG_COMPILER_APPICON_NAME = AppIcon;
				INFOPLIST_FILE = TicTacToe/Info.plist;
				LD_RUNPATH_SEARCH_PATHS = "$(inherited) @executable_path/Frameworks";
				PRODUCT_BUNDLE_IDENTIFIER = "Dr.-Tech-PC.TicTacToe";
				PRODUCT_NAME = "$(TARGET_NAME)";
			};
			name = Debug;
		};
		46836B391CF783CC00581DE4 /* Release */ = {
			isa = XCBuildConfiguration;
			buildSettings = {
				ASSETCATALOG_COMPILER_APPICON_NAME = AppIcon;
				INFOPLIST_FILE = TicTacToe/Info.plist;
				LD_RUNPATH_SEARCH_PATHS = "$(inherited) @executable_path/Frameworks";
				PRODUCT_BUNDLE_IDENTIFIER = "Dr.-Tech-PC.TicTacToe";
				PRODUCT_NAME = "$(TARGET_NAME)";
			};
			name = Release;
		};
/* End XCBuildConfiguration section */

/* Begin XCConfigurationList section */
		46836B1B1CF783CC00581DE4 /* Build configuration list for PBXProject "TicTacToe" */ = {
			isa = XCConfigurationList;
			buildConfigurations = (
				46836B351CF783CC00581DE4 /* Debug */,
				46836B361CF783CC00581DE4 /* Release */,
			);
			defaultConfigurationIsVisible = 0;
			defaultConfigurationName = Release;
		};
		46836B371CF783CC00581DE4 /* Build configuration list for PBXNativeTarget "TicTacToe" */ = {
			isa = XCConfigurationList;
			buildConfigurations = (
				46836B381CF783CC00581DE4 /* Debug */,
				46836B391CF783CC00581DE4 /* Release */,
			);
			defaultConfigurationIsVisible = 0;
		};
/* End XCConfigurationList section */
	};
	rootObject = 46836B181CF783CC00581DE4 /* Project object */;
}
